
Microsoft Visual Studio Solution File, Format Version 12.00
# Visual Studio Version 16
VisualStudioVersion = 16.0.29215.179
MinimumVisualStudioVersion = 10.0.40219.1
Project("{FAE04EC0-301F-11D3-BF4B-00C04F79EFBC}") = "Guia7", "Guia7\Guia7.csproj", "{507617A9-ADA2-41BC-9320-AAC2FFEBC61E}"
EndProject
Global
	GlobalSection(SolutionConfigurationPlatforms) = preSolution
		Debug|Any CPU = Debug|Any CPU
		Release|Any CPU = Release|Any CPU
	EndGlobalSection
	GlobalSection(ProjectConfigurationPlatforms) = postSolution
		{507617A9-ADA2-41BC-9320-AAC2FFEBC61E}.Debug|Any CPU.ActiveCfg = Debug|Any CPU
		{507617A9-ADA2-41BC-9320-AAC2FFEBC61E}.Debug|Any CPU.Build.0 = Debug|Any CPU
		{507617A9-ADA2-41BC-9320-AAC2FFEBC61E}.Release|Any CPU.ActiveCfg = Release|Any CPU
		{507617A9-ADA2-41BC-9320-AAC2FFEBC61E}.Release|Any CPU.Build.0 = Release|Any CPU
	EndGlobalSection
	GlobalSection(SolutionProperties) = preSolution
		HideSolutionNode = FALSE
	EndGlobalSection
	GlobalSection(ExtensibilityGlobals) = postSolution
		SolutionGuid = {1755713F-7855-44B1-A5C0-9A192089F47A}
	EndGlobalSection
EndGlobal
